// !$*UTF8*$!
{
	archiveVersion = 1;
	classes = {
	};
	objectVersion = 56;
	objects = {

/* Begin PBXBuildFile section */
		E733978C2ACB4CBC004B14E8 /* SpendMateAppApp.swift in Sources */ = {isa = PBXBuildFile; fileRef = E733978B2ACB4CBC004B14E8 /* SpendMateAppApp.swift */; };
		E733978E2ACB4CBC004B14E8 /* WelcomeView.swift in Sources */ = {isa = PBXBuildFile; fileRef = E733978D2ACB4CBC004B14E8 /* WelcomeView.swift */; };
		E73397902ACB4CBF004B14E8 /* Assets.xcassets in Resources */ = {isa = PBXBuildFile; fileRef = E733978F2ACB4CBF004B14E8 /* Assets.xcassets */; };
		E73397932ACB4CBF004B14E8 /* Preview Assets.xcassets in Resources */ = {isa = PBXBuildFile; fileRef = E73397922ACB4CBF004B14E8 /* Preview Assets.xcassets */; };
		E733979B2ACB5B54004B14E8 /* LaunchScreen.storyboard in Resources */ = {isa = PBXBuildFile; fileRef = E733979A2ACB5B54004B14E8 /* LaunchScreen.storyboard */; };
		E73397A12ACB666A004B14E8 /* InriaSerif-Bold.ttf in Resources */ = {isa = PBXBuildFile; fileRef = E73397A02ACB666A004B14E8 /* InriaSerif-Bold.ttf */; };
		E73397A32ACB69D5004B14E8 /* InknutAntiqua-Bold.ttf in Resources */ = {isa = PBXBuildFile; fileRef = E73397A22ACB69D5004B14E8 /* InknutAntiqua-Bold.ttf */; };
		E7404B002ACC9344008B49F1 /* Intraduction.json in Resources */ = {isa = PBXBuildFile; fileRef = E7404AFF2ACC9344008B49F1 /* Intraduction.json */; };
		E7404B032ACC93C8008B49F1 /* Constant.swift in Sources */ = {isa = PBXBuildFile; fileRef = E7404B022ACC93C8008B49F1 /* Constant.swift */; };
		E7404B052ACC93F5008B49F1 /* Extension.swift in Sources */ = {isa = PBXBuildFile; fileRef = E7404B042ACC93F5008B49F1 /* Extension.swift */; };
		E7404B072ACC9639008B49F1 /* Intraduction.swift in Sources */ = {isa = PBXBuildFile; fileRef = E7404B062ACC9639008B49F1 /* Intraduction.swift */; };
		E7404B0A2ACC9B38008B49F1 /* OnboardView.swift in Sources */ = {isa = PBXBuildFile; fileRef = E7404B092ACC9B38008B49F1 /* OnboardView.swift */; };
		E7404B0C2ACC9D29008B49F1 /* Inter-VariableFont_slnt,wght.ttf in Resources */ = {isa = PBXBuildFile; fileRef = E7404B0B2ACC9D29008B49F1 /* Inter-VariableFont_slnt,wght.ttf */; };
		E7404B0E2ACCA469008B49F1 /* InriaSans-Bold.ttf in Resources */ = {isa = PBXBuildFile; fileRef = E7404B0D2ACCA469008B49F1 /* InriaSans-Bold.ttf */; };
		E7404B102ACCB18F008B49F1 /* ExpensesView.swift in Sources */ = {isa = PBXBuildFile; fileRef = E7404B0F2ACCB18F008B49F1 /* ExpensesView.swift */; };
		E7404B122ACCC58E008B49F1 /* MainView.swift in Sources */ = {isa = PBXBuildFile; fileRef = E7404B112ACCC58E008B49F1 /* MainView.swift */; };
		E7404B142ACCC7E4008B49F1 /* CategoriesView.swift in Sources */ = {isa = PBXBuildFile; fileRef = E7404B132ACCC7E4008B49F1 /* CategoriesView.swift */; };
		E76A10D82ACD98D40019BE05 /* AlertView.swift in Sources */ = {isa = PBXBuildFile; fileRef = E76A10D72ACD98D40019BE05 /* AlertView.swift */; };
/* End PBXBuildFile section */

/* Begin PBXFileReference section */
		E73397882ACB4CBC004B14E8 /* SpendMateApp.app */ = {isa = PBXFileReference; explicitFileType = wrapper.application; includeInIndex = 0; path = SpendMateApp.app; sourceTree = BUILT_PRODUCTS_DIR; };
		E733978B2ACB4CBC004B14E8 /* SpendMateAppApp.swift */ = {isa = PBXFileReference; lastKnownFileType = sourcecode.swift; path = SpendMateAppApp.swift; sourceTree = "<group>"; };
		E733978D2ACB4CBC004B14E8 /* WelcomeView.swift */ = {isa = PBXFileReference; lastKnownFileType = sourcecode.swift; path = WelcomeView.swift; sourceTree = "<group>"; };
		E733978F2ACB4CBF004B14E8 /* Assets.xcassets */ = {isa = PBXFileReference; lastKnownFileType = folder.assetcatalog; path = Assets.xcassets; sourceTree = "<group>"; };
		E73397922ACB4CBF004B14E8 /* Preview Assets.xcassets */ = {isa = PBXFileReference; lastKnownFileType = folder.assetcatalog; path = "Preview Assets.xcassets"; sourceTree = "<group>"; };
		E73397992ACB583F004B14E8 /* Info.plist */ = {isa = PBXFileReference; lastKnownFileType = text.plist; path = Info.plist; sourceTree = "<group>"; };
		E733979A2ACB5B54004B14E8 /* LaunchScreen.storyboard */ = {isa = PBXFileReference; lastKnownFileType = file.storyboard; path = LaunchScreen.storyboard; sourceTree = "<group>"; };
		E73397A02ACB666A004B14E8 /* InriaSerif-Bold.ttf */ = {isa = PBXFileReference; lastKnownFileType = file; path = "InriaSerif-Bold.ttf"; sourceTree = "<group>"; };
		E73397A22ACB69D5004B14E8 /* InknutAntiqua-Bold.ttf */ = {isa = PBXFileReference; lastKnownFileType = file; path = "InknutAntiqua-Bold.ttf"; sourceTree = "<group>"; };
		E7404AFF2ACC9344008B49F1 /* Intraduction.json */ = {isa = PBXFileReference; fileEncoding = 4; lastKnownFileType = text.json; path = Intraduction.json; sourceTree = "<group>"; };
		E7404B022ACC93C8008B49F1 /* Constant.swift */ = {isa = PBXFileReference; lastKnownFileType = sourcecode.swift; path = Constant.swift; sourceTree = "<group>"; };
		E7404B042ACC93F5008B49F1 /* Extension.swift */ = {isa = PBXFileReference; lastKnownFileType = sourcecode.swift; path = Extension.swift; sourceTree = "<group>"; };
		E7404B062ACC9639008B49F1 /* Intraduction.swift */ = {isa = PBXFileReference; lastKnownFileType = sourcecode.swift; path = Intraduction.swift; sourceTree = "<group>"; };
		E7404B092ACC9B38008B49F1 /* OnboardView.swift */ = {isa = PBXFileReference; lastKnownFileType = sourcecode.swift; path = OnboardView.swift; sourceTree = "<group>"; };
		E7404B0B2ACC9D29008B49F1 /* Inter-VariableFont_slnt,wght.ttf */ = {isa = PBXFileReference; lastKnownFileType = file; path = "Inter-VariableFont_slnt,wght.ttf"; sourceTree = "<group>"; };
		E7404B0D2ACCA469008B49F1 /* InriaSans-Bold.ttf */ = {isa = PBXFileReference; lastKnownFileType = file; path = "InriaSans-Bold.ttf"; sourceTree = "<group>"; };
		E7404B0F2ACCB18F008B49F1 /* ExpensesView.swift */ = {isa = PBXFileReference; lastKnownFileType = sourcecode.swift; path = ExpensesView.swift; sourceTree = "<group>"; };
		E7404B112ACCC58E008B49F1 /* MainView.swift */ = {isa = PBXFileReference; lastKnownFileType = sourcecode.swift; path = MainView.swift; sourceTree = "<group>"; };
		E7404B132ACCC7E4008B49F1 /* CategoriesView.swift */ = {isa = PBXFileReference; lastKnownFileType = sourcecode.swift; path = CategoriesView.swift; sourceTree = "<group>"; };
		E76A10D72ACD98D40019BE05 /* AlertView.swift */ = {isa = PBXFileReference; lastKnownFileType = sourcecode.swift; path = AlertView.swift; sourceTree = "<group>"; };
/* End PBXFileReference section */

/* Begin PBXFrameworksBuildPhase section */
		E73397852ACB4CBB004B14E8 /* Frameworks */ = {
			isa = PBXFrameworksBuildPhase;
			buildActionMask = 2147483647;
			files = (
			);
			runOnlyForDeploymentPostprocessing = 0;
		};
/* End PBXFrameworksBuildPhase section */

/* Begin PBXGroup section */
		E733977F2ACB4CBB004B14E8 = {
			isa = PBXGroup;
			children = (
				E733978A2ACB4CBC004B14E8 /* SpendMateApp */,
				E73397892ACB4CBC004B14E8 /* Products */,
			);
			sourceTree = "<group>";
		};
		E73397892ACB4CBC004B14E8 /* Products */ = {
			isa = PBXGroup;
			children = (
				E73397882ACB4CBC004B14E8 /* SpendMateApp.app */,
			);
			name = Products;
			sourceTree = "<group>";
		};
		E733978A2ACB4CBC004B14E8 /* SpendMateApp */ = {
			isa = PBXGroup;
			children = (
				E7404B012ACC93AF008B49F1 /* Utility */,
				E7404AFE2ACC8FAB008B49F1 /* Data */,
				E733979F2ACB662E004B14E8 /* Font */,
				E733979E2ACB5D91004B14E8 /* Controller */,
				E733979D2ACB5D6E004B14E8 /* Model */,
				E733979C2ACB5D0E004B14E8 /* View */,
				E73397992ACB583F004B14E8 /* Info.plist */,
				E733978B2ACB4CBC004B14E8 /* SpendMateAppApp.swift */,
				E733978F2ACB4CBF004B14E8 /* Assets.xcassets */,
				E73397912ACB4CBF004B14E8 /* Preview Content */,
			);
			path = SpendMateApp;
			sourceTree = "<group>";
		};
		E73397912ACB4CBF004B14E8 /* Preview Content */ = {
			isa = PBXGroup;
			children = (
				E73397922ACB4CBF004B14E8 /* Preview Assets.xcassets */,
			);
			path = "Preview Content";
			sourceTree = "<group>";
		};
		E733979C2ACB5D0E004B14E8 /* View */ = {
			isa = PBXGroup;
			children = (
				E733978D2ACB4CBC004B14E8 /* WelcomeView.swift */,
				E7404B0F2ACCB18F008B49F1 /* ExpensesView.swift */,
				E7404B112ACCC58E008B49F1 /* MainView.swift */,
				E7404B082ACC9B0A008B49F1 /* SubView */,
				E733979A2ACB5B54004B14E8 /* LaunchScreen.storyboard */,
				E7404B132ACCC7E4008B49F1 /* CategoriesView.swift */,
			);
			path = View;
			sourceTree = "<group>";
		};
		E733979D2ACB5D6E004B14E8 /* Model */ = {
			isa = PBXGroup;
			children = (
				E7404B062ACC9639008B49F1 /* Intraduction.swift */,
			);
			path = Model;
			sourceTree = "<group>";
		};
		E733979E2ACB5D91004B14E8 /* Controller */ = {
			isa = PBXGroup;
			children = (
			);
			path = Controller;
			sourceTree = "<group>";
		};
		E733979F2ACB662E004B14E8 /* Font */ = {
			isa = PBXGroup;
			children = (
				E7404B0D2ACCA469008B49F1 /* InriaSans-Bold.ttf */,
				E7404B0B2ACC9D29008B49F1 /* Inter-VariableFont_slnt,wght.ttf */,
				E73397A02ACB666A004B14E8 /* InriaSerif-Bold.ttf */,
				E73397A22ACB69D5004B14E8 /* InknutAntiqua-Bold.ttf */,
			);
			path = Font;
			sourceTree = "<group>";
		};
		E7404AFE2ACC8FAB008B49F1 /* Data */ = {
			isa = PBXGroup;
			children = (
				E7404AFF2ACC9344008B49F1 /* Intraduction.json */,
			);
			path = Data;
			sourceTree = "<group>";
		};
		E7404B012ACC93AF008B49F1 /* Utility */ = {
			isa = PBXGroup;
			children = (
				E7404B022ACC93C8008B49F1 /* Constant.swift */,
				E7404B042ACC93F5008B49F1 /* Extension.swift */,
			);
			path = Utility;
			sourceTree = "<group>";
		};
		E7404B082ACC9B0A008B49F1 /* SubView */ = {
			isa = PBXGroup;
			children = (
				E7404B092ACC9B38008B49F1 /* OnboardView.swift */,
				E76A10D72ACD98D40019BE05 /* AlertView.swift */,
			);
			path = SubView;
			sourceTree = "<group>";
		};
/* End PBXGroup section */

/* Begin PBXNativeTarget section */
		E73397872ACB4CBB004B14E8 /* SpendMateApp */ = {
			isa = PBXNativeTarget;
			buildConfigurationList = E73397962ACB4CBF004B14E8 /* Build configuration list for PBXNativeTarget "SpendMateApp" */;
			buildPhases = (
				E73397842ACB4CBB004B14E8 /* Sources */,
				E73397852ACB4CBB004B14E8 /* Frameworks */,
				E73397862ACB4CBB004B14E8 /* Resources */,
			);
			buildRules = (
			);
			dependencies = (
			);
			name = SpendMateApp;
			productName = SpendMateApp;
			productReference = E73397882ACB4CBC004B14E8 /* SpendMateApp.app */;
			productType = "com.apple.product-type.application";
		};
/* End PBXNativeTarget section */

/* Begin PBXProject section */
		E73397802ACB4CBB004B14E8 /* Project object */ = {
			isa = PBXProject;
			attributes = {
				BuildIndependentTargetsInParallel = 1;
				LastSwiftUpdateCheck = 1430;
				LastUpgradeCheck = 1430;
				TargetAttributes = {
					E73397872ACB4CBB004B14E8 = {
						CreatedOnToolsVersion = 14.3.1;
					};
				};
			};
			buildConfigurationList = E73397832ACB4CBB004B14E8 /* Build configuration list for PBXProject "SpendMateApp" */;
			compatibilityVersion = "Xcode 14.0";
			developmentRegion = en;
			hasScannedForEncodings = 0;
			knownRegions = (
				en,
				Base,
			);
			mainGroup = E733977F2ACB4CBB004B14E8;
			productRefGroup = E73397892ACB4CBC004B14E8 /* Products */;
			projectDirPath = "";
			projectRoot = "";
			targets = (
				E73397872ACB4CBB004B14E8 /* SpendMateApp */,
			);
		};
/* End PBXProject section */

/* Begin PBXResourcesBuildPhase section */
		E73397862ACB4CBB004B14E8 /* Resources */ = {
			isa = PBXResourcesBuildPhase;
			buildActionMask = 2147483647;
			files = (
				E733979B2ACB5B54004B14E8 /* LaunchScreen.storyboard in Resources */,
				E7404B0C2ACC9D29008B49F1 /* Inter-VariableFont_slnt,wght.ttf in Resources */,
				E7404B002ACC9344008B49F1 /* Intraduction.json in Resources */,
				E73397A32ACB69D5004B14E8 /* InknutAntiqua-Bold.ttf in Resources */,
				E7404B0E2ACCA469008B49F1 /* InriaSans-Bold.ttf in Resources */,
				E73397A12ACB666A004B14E8 /* InriaSerif-Bold.ttf in Resources */,
				E73397932ACB4CBF004B14E8 /* Preview Assets.xcassets in Resources */,
				E73397902ACB4CBF004B14E8 /* Assets.xcassets in Resources */,
			);
			runOnlyForDeploymentPostprocessing = 0;
		};
/* End PBXResourcesBuildPhase section */

/* Begin PBXSourcesBuildPhase section */
		E73397842ACB4CBB004B14E8 /* Sources */ = {
			isa = PBXSourcesBuildPhase;
			buildActionMask = 2147483647;
			files = (
				E733978E2ACB4CBC004B14E8 /* WelcomeView.swift in Sources */,
				E7404B072ACC9639008B49F1 /* Intraduction.swift in Sources */,
				E7404B122ACCC58E008B49F1 /* MainView.swift in Sources */,
				E733978C2ACB4CBC004B14E8 /* SpendMateAppApp.swift in Sources */,
				E7404B102ACCB18F008B49F1 /* ExpensesView.swift in Sources */,
				E76A10D82ACD98D40019BE05 /* AlertView.swift in Sources */,
				E7404B142ACCC7E4008B49F1 /* CategoriesView.swift in Sources */,
				E7404B032ACC93C8008B49F1 /* Constant.swift in Sources */,
				E7404B0A2ACC9B38008B49F1 /* OnboardView.swift in Sources */,
				E7404B052ACC93F5008B49F1 /* Extension.swift in Sources */,
			);
			runOnlyForDeploymentPostprocessing = 0;
		};
/* End PBXSourcesBuildPhase section */

/* Begin XCBuildConfiguration section */
		E73397942ACB4CBF004B14E8 /* Debug */ = {
			isa = XCBuildConfiguration;
			buildSettings = {
				ALWAYS_SEARCH_USER_PATHS = NO;
				CLANG_ANALYZER_NONNULL = YES;
				CLANG_ANALYZER_NUMBER_OBJECT_CONVERSION = YES_AGGRESSIVE;
				CLANG_CXX_LANGUAGE_STANDARD = "gnu++20";
				CLANG_ENABLE_MODULES = YES;
				CLANG_ENABLE_OBJC_ARC = YES;
				CLANG_ENABLE_OBJC_WEAK = YES;
				CLANG_WARN_BLOCK_CAPTURE_AUTORELEASING = YES;
				CLANG_WARN_BOOL_CONVERSION = YES;
				CLANG_WARN_COMMA = YES;
				CLANG_WARN_CONSTANT_CONVERSION = YES;
				CLANG_WARN_DEPRECATED_OBJC_IMPLEMENTATIONS = YES;
				CLANG_WARN_DIRECT_OBJC_ISA_USAGE = YES_ERROR;
				CLANG_WARN_DOCUMENTATION_COMMENTS = YES;
				CLANG_WARN_EMPTY_BODY = YES;
				CLANG_WARN_ENUM_CONVERSION = YES;
				CLANG_WARN_INFINITE_RECURSION = YES;
				CLANG_WARN_INT_CONVERSION = YES;
				CLANG_WARN_NON_LITERAL_NULL_CONVERSION = YES;
				CLANG_WARN_OBJC_IMPLICIT_RETAIN_SELF = YES;
				CLANG_WARN_OBJC_LITERAL_CONVERSION = YES;
				CLANG_WARN_OBJC_ROOT_CLASS = YES_ERROR;
				CLANG_WARN_QUOTED_INCLUDE_IN_FRAMEWORK_HEADER = YES;
				CLANG_WARN_RANGE_LOOP_ANALYSIS = YES;
				CLANG_WARN_STRICT_PROTOTYPES = YES;
				CLANG_WARN_SUSPICIOUS_MOVE = YES;
				CLANG_WARN_UNGUARDED_AVAILABILITY = YES_AGGRESSIVE;
				CLANG_WARN_UNREACHABLE_CODE = YES;
				CLANG_WARN__DUPLICATE_METHOD_MATCH = YES;
				COPY_PHASE_STRIP = NO;
				DEBUG_INFORMATION_FORMAT = dwarf;
				ENABLE_STRICT_OBJC_MSGSEND = YES;
				ENABLE_TESTABILITY = YES;
				GCC_C_LANGUAGE_STANDARD = gnu11;
				GCC_DYNAMIC_NO_PIC = NO;
				GCC_NO_COMMON_BLOCKS = YES;
				GCC_OPTIMIZATION_LEVEL = 0;
				GCC_PREPROCESSOR_DEFINITIONS = (
					"DEBUG=1",
					"$(inherited)",
				);
				GCC_WARN_64_TO_32_BIT_CONVERSION = YES;
				GCC_WARN_ABOUT_RETURN_TYPE = YES_ERROR;
				GCC_WARN_UNDECLARED_SELECTOR = YES;
				GCC_WARN_UNINITIALIZED_AUTOS = YES_AGGRESSIVE;
				GCC_WARN_UNUSED_FUNCTION = YES;
				GCC_WARN_UNUSED_VARIABLE = YES;
				IPHONEOS_DEPLOYMENT_TARGET = 16.4;
				MTL_ENABLE_DEBUG_INFO = INCLUDE_SOURCE;
				MTL_FAST_MATH = YES;
				ONLY_ACTIVE_ARCH = YES;
				SDKROOT = iphoneos;
				SWIFT_ACTIVE_COMPILATION_CONDITIONS = DEBUG;
				SWIFT_OPTIMIZATION_LEVEL = "-Onone";
			};
			name = Debug;
		};
		E73397952ACB4CBF004B14E8 /* Release */ = {
			isa = XCBuildConfiguration;
			buildSettings = {
				ALWAYS_SEARCH_USER_PATHS = NO;
				CLANG_ANALYZER_NONNULL = YES;
				CLANG_ANALYZER_NUMBER_OBJECT_CONVERSION = YES_AGGRESSIVE;
				CLANG_CXX_LANGUAGE_STANDARD = "gnu++20";
				CLANG_ENABLE_MODULES = YES;
				CLANG_ENABLE_OBJC_ARC = YES;
				CLANG_ENABLE_OBJC_WEAK = YES;
				CLANG_WARN_BLOCK_CAPTURE_AUTORELEASING = YES;
				CLANG_WARN_BOOL_CONVERSION = YES;
				CLANG_WARN_COMMA = YES;
				CLANG_WARN_CONSTANT_CONVERSION = YES;
				CLANG_WARN_DEPRECATED_OBJC_IMPLEMENTATIONS = YES;
				CLANG_WARN_DIRECT_OBJC_ISA_USAGE = YES_ERROR;
				CLANG_WARN_DOCUMENTATION_COMMENTS = YES;
				CLANG_WARN_EMPTY_BODY = YES;
				CLANG_WARN_ENUM_CONVERSION = YES;
				CLANG_WARN_INFINITE_RECURSION = YES;
				CLANG_WARN_INT_CONVERSION = YES;
				CLANG_WARN_NON_LITERAL_NULL_CONVERSION = YES;
				CLANG_WARN_OBJC_IMPLICIT_RETAIN_SELF = YES;
				CLANG_WARN_OBJC_LITERAL_CONVERSION = YES;
				CLANG_WARN_OBJC_ROOT_CLASS = YES_ERROR;
				CLANG_WARN_QUOTED_INCLUDE_IN_FRAMEWORK_HEADER = YES;
				CLANG_WARN_RANGE_LOOP_ANALYSIS = YES;
				CLANG_WARN_STRICT_PROTOTYPES = YES;
				CLANG_WARN_SUSPICIOUS_MOVE = YES;
				CLANG_WARN_UNGUARDED_AVAILABILITY = YES_AGGRESSIVE;
				CLANG_WARN_UNREACHABLE_CODE = YES;
				CLANG_WARN__DUPLICATE_METHOD_MATCH = YES;
				COPY_PHASE_STRIP = NO;
				DEBUG_INFORMATION_FORMAT = "dwarf-with-dsym";
				ENABLE_NS_ASSERTIONS = NO;
				ENABLE_STRICT_OBJC_MSGSEND = YES;
				GCC_C_LANGUAGE_STANDARD = gnu11;
				GCC_NO_COMMON_BLOCKS = YES;
				GCC_WARN_64_TO_32_BIT_CONVERSION = YES;
				GCC_WARN_ABOUT_RETURN_TYPE = YES_ERROR;
				GCC_WARN_UNDECLARED_SELECTOR = YES;
				GCC_WARN_UNINITIALIZED_AUTOS = YES_AGGRESSIVE;
				GCC_WARN_UNUSED_FUNCTION = YES;
				GCC_WARN_UNUSED_VARIABLE = YES;
				IPHONEOS_DEPLOYMENT_TARGET = 16.4;
				MTL_ENABLE_DEBUG_INFO = NO;
				MTL_FAST_MATH = YES;
				SDKROOT = iphoneos;
				SWIFT_COMPILATION_MODE = wholemodule;
				SWIFT_OPTIMIZATION_LEVEL = "-O";
				VALIDATE_PRODUCT = YES;
			};
			name = Release;
		};
		E73397972ACB4CBF004B14E8 /* Debug */ = {
			isa = XCBuildConfiguration;
			buildSettings = {
				ASSETCATALOG_COMPILER_APPICON_NAME = AppIcon;
				ASSETCATALOG_COMPILER_GLOBAL_ACCENT_COLOR_NAME = AccentColor;
				CODE_SIGN_STYLE = Automatic;
				CURRENT_PROJECT_VERSION = 1;
				DEVELOPMENT_ASSET_PATHS = "\"SpendMateApp/Preview Content\"";
				DEVELOPMENT_TEAM = P3SNLZLCKJ;
				ENABLE_PREVIEWS = YES;
				GENERATE_INFOPLIST_FILE = YES;
				INFOPLIST_FILE = SpendMateApp/Info.plist;
				INFOPLIST_KEY_CFBundleDisplayName = SpendMate;
				INFOPLIST_KEY_LSApplicationCategoryType = "public.app-category.finance";
				INFOPLIST_KEY_UIApplicationSceneManifest_Generation = YES;
				INFOPLIST_KEY_UIApplicationSupportsIndirectInputEvents = YES;
				INFOPLIST_KEY_UILaunchStoryboardName = LaunchScreen.storyboard;
				INFOPLIST_KEY_UIStatusBarStyle = "";
				INFOPLIST_KEY_UISupportedInterfaceOrientations = UIInterfaceOrientationPortrait;
				INFOPLIST_KEY_UISupportedInterfaceOrientations_iPad = "UIInterfaceOrientationLandscapeLeft UIInterfaceOrientationLandscapeRight UIInterfaceOrientationPortrait UIInterfaceOrientationPortraitUpsideDown";
				INFOPLIST_KEY_UIUserInterfaceStyle = Light;
				LD_RUNPATH_SEARCH_PATHS = (
					"$(inherited)",
					"@executable_path/Frameworks",
				);
				MARKETING_VERSION = 1.0;
				PRODUCT_BUNDLE_IDENTIFIER = com.example.app.SpendMateApp;
				PRODUCT_NAME = "$(TARGET_NAME)";
				SUPPORTED_PLATFORMS = "iphoneos iphonesimulator";
				SUPPORTS_MACCATALYST = NO;
				SUPPORTS_MAC_DESIGNED_FOR_IPHONE_IPAD = NO;
				SWIFT_EMIT_LOC_STRINGS = YES;
				SWIFT_VERSION = 5.0;
				TARGETED_DEVICE_FAMILY = 1;
			};
			name = Debug;
		};
		E73397982ACB4CBF004B14E8 /* Release */ = {
			isa = XCBuildConfiguration;
			buildSettings = {
				ASSETCATALOG_COMPILER_APPICON_NAME = AppIcon;
				ASSETCATALOG_COMPILER_GLOBAL_ACCENT_COLOR_NAME = AccentColor;
				CODE_SIGN_STYLE = Automatic;
				CURRENT_PROJECT_VERSION = 1;
				DEVELOPMENT_ASSET_PATHS = "\"SpendMateApp/Preview Content\"";
				DEVELOPMENT_TEAM = P3SNLZLCKJ;
				ENABLE_PREVIEWS = YES;
				GENERATE_INFOPLIST_FILE = YES;
				INFOPLIST_FILE = SpendMateApp/Info.plist;
				INFOPLIST_KEY_CFBundleDisplayName = SpendMate;
				INFOPLIST_KEY_LSApplicationCategoryType = "public.app-category.finance";
				INFOPLIST_KEY_UIApplicationSceneManifest_Generation = YES;
				INFOPLIST_KEY_UIApplicationSupportsIndirectInputEvents = YES;
				INFOPLIST_KEY_UILaunchStoryboardName = LaunchScreen.storyboard;
				INFOPLIST_KEY_UIStatusBarStyle = "";
				INFOPLIST_KEY_UISupportedInterfaceOrientations = UIInterfaceOrientationPortrait;
				INFOPLIST_KEY_UISupportedInterfaceOrientations_iPad = "UIInterfaceOrientationLandscapeLeft UIInterfaceOrientationLandscapeRight UIInterfaceOrientationPortrait UIInterfaceOrientationPortraitUpsideDown";
				INFOPLIST_KEY_UIUserInterfaceStyle = Light;
				LD_RUNPATH_SEARCH_PATHS = (
					"$(inherited)",
					"@executable_path/Frameworks",
				);
				MARKETING_VERSION = 1.0;
				PRODUCT_BUNDLE_IDENTIFIER = com.example.app.SpendMateApp;
				PRODUCT_NAME = "$(TARGET_NAME)";
				SUPPORTED_PLATFORMS = "iphoneos iphonesimulator";
				SUPPORTS_MACCATALYST = NO;
				SUPPORTS_MAC_DESIGNED_FOR_IPHONE_IPAD = NO;
				SWIFT_EMIT_LOC_STRINGS = YES;
				SWIFT_VERSION = 5.0;
				TARGETED_DEVICE_FAMILY = 1;
			};
			name = Release;
		};
/* End XCBuildConfiguration section */

/* Begin XCConfigurationList section */
		E73397832ACB4CBB004B14E8 /* Build configuration list for PBXProject "SpendMateApp" */ = {
			isa = XCConfigurationList;
			buildConfigurations = (
				E73397942ACB4CBF004B14E8 /* Debug */,
				E73397952ACB4CBF004B14E8 /* Release */,
			);
			defaultConfigurationIsVisible = 0;
			defaultConfigurationName = Release;
		};
		E73397962ACB4CBF004B14E8 /* Build configuration list for PBXNativeTarget "SpendMateApp" */ = {
			isa = XCConfigurationList;
			buildConfigurations = (
				E73397972ACB4CBF004B14E8 /* Debug */,
				E73397982ACB4CBF004B14E8 /* Release */,
			);
			defaultConfigurationIsVisible = 0;
			defaultConfigurationName = Release;
		};
/* End XCConfigurationList section */
	};
	rootObject = E73397802ACB4CBB004B14E8 /* Project object */;
}
