// !$*UTF8*$!
{
	archiveVersion = 1;
	classes = {
	};
	objectVersion = 56;
	objects = {

/* Begin PBXBuildFile section */
		E70565492AEC16F7001F5801 /* Expense.swift in Sources */ = {isa = PBXBuildFile; fileRef = E70565482AEC16F7001F5801 /* Expense.swift */; };
		E705654B2AEC18B6001F5801 /* ExpenseController.swift in Sources */ = {isa = PBXBuildFile; fileRef = E705654A2AEC18B6001F5801 /* ExpenseController.swift */; };
		E705654D2AEC3C48001F5801 /* ExpensesCardView.swift in Sources */ = {isa = PBXBuildFile; fileRef = E705654C2AEC3C48001F5801 /* ExpensesCardView.swift */; };
		E70AF1C42AE00A2300DF3619 /* UpdateEmailView.swift in Sources */ = {isa = PBXBuildFile; fileRef = E70AF1C32AE00A2300DF3619 /* UpdateEmailView.swift */; };
		E72110F82B01476800C1084C /* AboutAppView.swift in Sources */ = {isa = PBXBuildFile; fileRef = E72110F72B01476800C1084C /* AboutAppView.swift */; };
		E72110FA2B014C0400C1084C /* AboutTitleView.swift in Sources */ = {isa = PBXBuildFile; fileRef = E72110F92B014C0400C1084C /* AboutTitleView.swift */; };
		E72110FC2B014C6300C1084C /* ApplicationRowView.swift in Sources */ = {isa = PBXBuildFile; fileRef = E72110FB2B014C6300C1084C /* ApplicationRowView.swift */; };
		E72B64AF2ACDFEB40017BB7C /* AddNewCategoryView.swift in Sources */ = {isa = PBXBuildFile; fileRef = E72B64AE2ACDFEB40017BB7C /* AddNewCategoryView.swift */; };
		E733978C2ACB4CBC004B14E8 /* SpendMateAppApp.swift in Sources */ = {isa = PBXBuildFile; fileRef = E733978B2ACB4CBC004B14E8 /* SpendMateAppApp.swift */; };
		E733978E2ACB4CBC004B14E8 /* WelcomeView.swift in Sources */ = {isa = PBXBuildFile; fileRef = E733978D2ACB4CBC004B14E8 /* WelcomeView.swift */; };
		E73397902ACB4CBF004B14E8 /* Assets.xcassets in Resources */ = {isa = PBXBuildFile; fileRef = E733978F2ACB4CBF004B14E8 /* Assets.xcassets */; };
		E73397932ACB4CBF004B14E8 /* Preview Assets.xcassets in Resources */ = {isa = PBXBuildFile; fileRef = E73397922ACB4CBF004B14E8 /* Preview Assets.xcassets */; };
		E733979B2ACB5B54004B14E8 /* LaunchScreen.storyboard in Resources */ = {isa = PBXBuildFile; fileRef = E733979A2ACB5B54004B14E8 /* LaunchScreen.storyboard */; };
		E73397A12ACB666A004B14E8 /* InriaSerif-Bold.ttf in Resources */ = {isa = PBXBuildFile; fileRef = E73397A02ACB666A004B14E8 /* InriaSerif-Bold.ttf */; };
		E73397A32ACB69D5004B14E8 /* InknutAntiqua-Bold.ttf in Resources */ = {isa = PBXBuildFile; fileRef = E73397A22ACB69D5004B14E8 /* InknutAntiqua-Bold.ttf */; };
		E735BBDF2ACF200B00531CB2 /* SignInView.swift in Sources */ = {isa = PBXBuildFile; fileRef = E735BBDE2ACF200B00531CB2 /* SignInView.swift */; };
		E73F8F102B092F2E00BAC7E0 /* RootView.swift in Sources */ = {isa = PBXBuildFile; fileRef = E73F8F0F2B092F2E00BAC7E0 /* RootView.swift */; };
		E7404B002ACC9344008B49F1 /* Intraduction.json in Resources */ = {isa = PBXBuildFile; fileRef = E7404AFF2ACC9344008B49F1 /* Intraduction.json */; };
		E7404B032ACC93C8008B49F1 /* Constant.swift in Sources */ = {isa = PBXBuildFile; fileRef = E7404B022ACC93C8008B49F1 /* Constant.swift */; };
		E7404B052ACC93F5008B49F1 /* Extension.swift in Sources */ = {isa = PBXBuildFile; fileRef = E7404B042ACC93F5008B49F1 /* Extension.swift */; };
		E7404B072ACC9639008B49F1 /* Intraduction.swift in Sources */ = {isa = PBXBuildFile; fileRef = E7404B062ACC9639008B49F1 /* Intraduction.swift */; };
		E7404B0A2ACC9B38008B49F1 /* OnboardView.swift in Sources */ = {isa = PBXBuildFile; fileRef = E7404B092ACC9B38008B49F1 /* OnboardView.swift */; };
		E7404B0C2ACC9D29008B49F1 /* Inter-VariableFont_slnt,wght.ttf in Resources */ = {isa = PBXBuildFile; fileRef = E7404B0B2ACC9D29008B49F1 /* Inter-VariableFont_slnt,wght.ttf */; };
		E7404B0E2ACCA469008B49F1 /* InriaSans-Bold.ttf in Resources */ = {isa = PBXBuildFile; fileRef = E7404B0D2ACCA469008B49F1 /* InriaSans-Bold.ttf */; };
		E7404B102ACCB18F008B49F1 /* ExpensesView.swift in Sources */ = {isa = PBXBuildFile; fileRef = E7404B0F2ACCB18F008B49F1 /* ExpensesView.swift */; };
		E7404B122ACCC58E008B49F1 /* MainView.swift in Sources */ = {isa = PBXBuildFile; fileRef = E7404B112ACCC58E008B49F1 /* MainView.swift */; };
		E7404B142ACCC7E4008B49F1 /* CategoriesView.swift in Sources */ = {isa = PBXBuildFile; fileRef = E7404B132ACCC7E4008B49F1 /* CategoriesView.swift */; };
		E76A10D82ACD98D40019BE05 /* AlertView.swift in Sources */ = {isa = PBXBuildFile; fileRef = E76A10D72ACD98D40019BE05 /* AlertView.swift */; };
		E76A10DA2ACDBC380019BE05 /* AddNewExpensesView.swift in Sources */ = {isa = PBXBuildFile; fileRef = E76A10D92ACDBC380019BE05 /* AddNewExpensesView.swift */; };
		E775DD7A2B2A3C1E00376242 /* Currency.json in Resources */ = {isa = PBXBuildFile; fileRef = E775DD792B2A3C1E00376242 /* Currency.json */; };
		E77AB6AC2ADACEE600DC4224 /* NewProfile.swift in Sources */ = {isa = PBXBuildFile; fileRef = E77AB6AB2ADACEE600DC4224 /* NewProfile.swift */; };
		E77AB6B12ADB19DC00DC4224 /* FirebaseFirestoreSwift in Frameworks */ = {isa = PBXBuildFile; productRef = E77AB6B02ADB19DC00DC4224 /* FirebaseFirestoreSwift */; };
		E77AB6B32ADB1D8200DC4224 /* Profile.swift in Sources */ = {isa = PBXBuildFile; fileRef = E77AB6B22ADB1D8200DC4224 /* Profile.swift */; };
		E77AB6B52ADB208400DC4224 /* ProfileController.swift in Sources */ = {isa = PBXBuildFile; fileRef = E77AB6B42ADB208400DC4224 /* ProfileController.swift */; };
		E77BA9892AFFF54E00A2ED18 /* UpdatePasswordView.swift in Sources */ = {isa = PBXBuildFile; fileRef = E77BA9882AFFF54E00A2ED18 /* UpdatePasswordView.swift */; };
		E78581D92AD9868600573FD8 /* SettingsView.swift in Sources */ = {isa = PBXBuildFile; fileRef = E78581D82AD9868600573FD8 /* SettingsView.swift */; };
		E78CD9C12AD991040017ECF3 /* Roboto-Regular.ttf in Resources */ = {isa = PBXBuildFile; fileRef = E78CD9C02AD991040017ECF3 /* Roboto-Regular.ttf */; };
		E78CD9C32AD9937C0017ECF3 /* Roboto-Bold.ttf in Resources */ = {isa = PBXBuildFile; fileRef = E78CD9C22AD9937C0017ECF3 /* Roboto-Bold.ttf */; };
		E78CD9C52AD9A2D00017ECF3 /* EmptyProfileCard.swift in Sources */ = {isa = PBXBuildFile; fileRef = E78CD9C42AD9A2D00017ECF3 /* EmptyProfileCard.swift */; };
		E78CD9C72AD9A5FC0017ECF3 /* ProfileCard.swift in Sources */ = {isa = PBXBuildFile; fileRef = E78CD9C62AD9A5FC0017ECF3 /* ProfileCard.swift */; };
		E792E5892B30AA1700F6B164 /* CategoryHeaderCell.swift in Sources */ = {isa = PBXBuildFile; fileRef = E792E5882B30AA1700F6B164 /* CategoryHeaderCell.swift */; };
		E792E58B2B30B5C700F6B164 /* Tags.json in Resources */ = {isa = PBXBuildFile; fileRef = E792E58A2B30B5C700F6B164 /* Tags.json */; };
		E792E58D2B30B5FC00F6B164 /* Tag.swift in Sources */ = {isa = PBXBuildFile; fileRef = E792E58C2B30B5FC00F6B164 /* Tag.swift */; };
		E793BDA82AF55BFA00126426 /* ExpenseDetailCard.swift in Sources */ = {isa = PBXBuildFile; fileRef = E793BDA72AF55BFA00126426 /* ExpenseDetailCard.swift */; };
		E793BDAA2AF5855400126426 /* NoResultCell.swift in Sources */ = {isa = PBXBuildFile; fileRef = E793BDA92AF5855400126426 /* NoResultCell.swift */; };
		E79D9BAC2AF7AABC000593BC /* EditExpenseView.swift in Sources */ = {isa = PBXBuildFile; fileRef = E79D9BAB2AF7AABC000593BC /* EditExpenseView.swift */; };
		E7AE7FA82AD71700006B8C11 /* Authentication.swift in Sources */ = {isa = PBXBuildFile; fileRef = E7AE7FA72AD71700006B8C11 /* Authentication.swift */; };
		E7AE7FAA2AD71751006B8C11 /* AuthenticationController.swift in Sources */ = {isa = PBXBuildFile; fileRef = E7AE7FA92AD71751006B8C11 /* AuthenticationController.swift */; };
		E7AE7FAC2AD72134006B8C11 /* GoogleService-Info.plist in Resources */ = {isa = PBXBuildFile; fileRef = E7AE7FAB2AD72134006B8C11 /* GoogleService-Info.plist */; };
		E7AE7FAF2AD722E7006B8C11 /* FirebaseAnalytics in Frameworks */ = {isa = PBXBuildFile; productRef = E7AE7FAE2AD722E7006B8C11 /* FirebaseAnalytics */; };
		E7AE7FB12AD722E7006B8C11 /* FirebaseAnalyticsSwift in Frameworks */ = {isa = PBXBuildFile; productRef = E7AE7FB02AD722E7006B8C11 /* FirebaseAnalyticsSwift */; };
		E7AE7FB32AD722E7006B8C11 /* FirebaseAuth in Frameworks */ = {isa = PBXBuildFile; productRef = E7AE7FB22AD722E7006B8C11 /* FirebaseAuth */; };
		E7BC38D52B0A788200E17299 /* FirebaseFirestore in Frameworks */ = {isa = PBXBuildFile; productRef = E7BC38D42B0A788200E17299 /* FirebaseFirestore */; };
		E7BC38D72B0A7DF700E17299 /* DeleteAccountView.swift in Sources */ = {isa = PBXBuildFile; fileRef = E7BC38D62B0A7DF700E17299 /* DeleteAccountView.swift */; };
		E7BC38DC2B0AA1EA00E17299 /* StoreKit.framework in Frameworks */ = {isa = PBXBuildFile; fileRef = E7BC38DB2B0AA1EA00E17299 /* StoreKit.framework */; };
		E7BE07022AD4413B00D1F139 /* SignUpView.swift in Sources */ = {isa = PBXBuildFile; fileRef = E7BE07012AD4413B00D1F139 /* SignUpView.swift */; };
		E7C811C72ADF211500BC824D /* UpdateProfile.swift in Sources */ = {isa = PBXBuildFile; fileRef = E7C811C62ADF211500BC824D /* UpdateProfile.swift */; };
		E7CF658C2ADEA4470036FE3D /* FirebaseStorage in Frameworks */ = {isa = PBXBuildFile; productRef = E7CF658B2ADEA4470036FE3D /* FirebaseStorage */; };
		E7D301442AEACB510061075E /* EditCategoryView.swift in Sources */ = {isa = PBXBuildFile; fileRef = E7D301432AEACB510061075E /* EditCategoryView.swift */; };
		E7DDF0762AD80DA9006549C0 /* LoadingView.swift in Sources */ = {isa = PBXBuildFile; fileRef = E7DDF0752AD80DA9006549C0 /* LoadingView.swift */; };
		E7E1EBE72AE3F7B5009DC188 /* CategoryController.swift in Sources */ = {isa = PBXBuildFile; fileRef = E7E1EBE62AE3F7B5009DC188 /* CategoryController.swift */; };
		E7E1EBE92AE3F8AD009DC188 /* Category.swift in Sources */ = {isa = PBXBuildFile; fileRef = E7E1EBE82AE3F8AD009DC188 /* Category.swift */; };
		E7F5C5792B03A7010005B54D /* VerifyEmailView.swift in Sources */ = {isa = PBXBuildFile; fileRef = E7F5C5782B03A7010005B54D /* VerifyEmailView.swift */; };
		E7F6D1712B2A1B5400D6B8FA /* CurrencyType.swift in Sources */ = {isa = PBXBuildFile; fileRef = E7F6D1702B2A1B5400D6B8FA /* CurrencyType.swift */; };
		E7F6D1732B2A21E300D6B8FA /* ChangeCurrencyView.swift in Sources */ = {isa = PBXBuildFile; fileRef = E7F6D1722B2A21E300D6B8FA /* ChangeCurrencyView.swift */; };
/* End PBXBuildFile section */

/* Begin PBXFileReference section */
		E70565482AEC16F7001F5801 /* Expense.swift */ = {isa = PBXFileReference; lastKnownFileType = sourcecode.swift; path = Expense.swift; sourceTree = "<group>"; };
		E705654A2AEC18B6001F5801 /* ExpenseController.swift */ = {isa = PBXFileReference; lastKnownFileType = sourcecode.swift; path = ExpenseController.swift; sourceTree = "<group>"; };
		E705654C2AEC3C48001F5801 /* ExpensesCardView.swift */ = {isa = PBXFileReference; lastKnownFileType = sourcecode.swift; path = ExpensesCardView.swift; sourceTree = "<group>"; };
		E70AF1C32AE00A2300DF3619 /* UpdateEmailView.swift */ = {isa = PBXFileReference; lastKnownFileType = sourcecode.swift; path = UpdateEmailView.swift; sourceTree = "<group>"; };
		E72110F72B01476800C1084C /* AboutAppView.swift */ = {isa = PBXFileReference; lastKnownFileType = sourcecode.swift; path = AboutAppView.swift; sourceTree = "<group>"; };
		E72110F92B014C0400C1084C /* AboutTitleView.swift */ = {isa = PBXFileReference; lastKnownFileType = sourcecode.swift; path = AboutTitleView.swift; sourceTree = "<group>"; };
		E72110FB2B014C6300C1084C /* ApplicationRowView.swift */ = {isa = PBXFileReference; lastKnownFileType = sourcecode.swift; path = ApplicationRowView.swift; sourceTree = "<group>"; };
		E72B64AE2ACDFEB40017BB7C /* AddNewCategoryView.swift */ = {isa = PBXFileReference; lastKnownFileType = sourcecode.swift; path = AddNewCategoryView.swift; sourceTree = "<group>"; };
		E73397882ACB4CBC004B14E8 /* SpendMateApp.app */ = {isa = PBXFileReference; explicitFileType = wrapper.application; includeInIndex = 0; path = SpendMateApp.app; sourceTree = BUILT_PRODUCTS_DIR; };
		E733978B2ACB4CBC004B14E8 /* SpendMateAppApp.swift */ = {isa = PBXFileReference; lastKnownFileType = sourcecode.swift; path = SpendMateAppApp.swift; sourceTree = "<group>"; };
		E733978D2ACB4CBC004B14E8 /* WelcomeView.swift */ = {isa = PBXFileReference; lastKnownFileType = sourcecode.swift; path = WelcomeView.swift; sourceTree = "<group>"; };
		E733978F2ACB4CBF004B14E8 /* Assets.xcassets */ = {isa = PBXFileReference; lastKnownFileType = folder.assetcatalog; path = Assets.xcassets; sourceTree = "<group>"; };
		E73397922ACB4CBF004B14E8 /* Preview Assets.xcassets */ = {isa = PBXFileReference; lastKnownFileType = folder.assetcatalog; path = "Preview Assets.xcassets"; sourceTree = "<group>"; };
		E73397992ACB583F004B14E8 /* Info.plist */ = {isa = PBXFileReference; lastKnownFileType = text.plist; path = Info.plist; sourceTree = "<group>"; };
		E733979A2ACB5B54004B14E8 /* LaunchScreen.storyboard */ = {isa = PBXFileReference; lastKnownFileType = file.storyboard; path = LaunchScreen.storyboard; sourceTree = "<group>"; };
		E73397A02ACB666A004B14E8 /* InriaSerif-Bold.ttf */ = {isa = PBXFileReference; lastKnownFileType = file; path = "InriaSerif-Bold.ttf"; sourceTree = "<group>"; };
		E73397A22ACB69D5004B14E8 /* InknutAntiqua-Bold.ttf */ = {isa = PBXFileReference; lastKnownFileType = file; path = "InknutAntiqua-Bold.ttf"; sourceTree = "<group>"; };
		E735BBDE2ACF200B00531CB2 /* SignInView.swift */ = {isa = PBXFileReference; lastKnownFileType = sourcecode.swift; path = SignInView.swift; sourceTree = "<group>"; };
		E73F8F0F2B092F2E00BAC7E0 /* RootView.swift */ = {isa = PBXFileReference; lastKnownFileType = sourcecode.swift; path = RootView.swift; sourceTree = "<group>"; };
		E7404AFF2ACC9344008B49F1 /* Intraduction.json */ = {isa = PBXFileReference; fileEncoding = 4; lastKnownFileType = text.json; path = Intraduction.json; sourceTree = "<group>"; };
		E7404B022ACC93C8008B49F1 /* Constant.swift */ = {isa = PBXFileReference; lastKnownFileType = sourcecode.swift; path = Constant.swift; sourceTree = "<group>"; };
		E7404B042ACC93F5008B49F1 /* Extension.swift */ = {isa = PBXFileReference; lastKnownFileType = sourcecode.swift; path = Extension.swift; sourceTree = "<group>"; };
		E7404B062ACC9639008B49F1 /* Intraduction.swift */ = {isa = PBXFileReference; lastKnownFileType = sourcecode.swift; path = Intraduction.swift; sourceTree = "<group>"; };
		E7404B092ACC9B38008B49F1 /* OnboardView.swift */ = {isa = PBXFileReference; lastKnownFileType = sourcecode.swift; path = OnboardView.swift; sourceTree = "<group>"; };
		E7404B0B2ACC9D29008B49F1 /* Inter-VariableFont_slnt,wght.ttf */ = {isa = PBXFileReference; lastKnownFileType = file; path = "Inter-VariableFont_slnt,wght.ttf"; sourceTree = "<group>"; };
		E7404B0D2ACCA469008B49F1 /* InriaSans-Bold.ttf */ = {isa = PBXFileReference; lastKnownFileType = file; path = "InriaSans-Bold.ttf"; sourceTree = "<group>"; };
		E7404B0F2ACCB18F008B49F1 /* ExpensesView.swift */ = {isa = PBXFileReference; lastKnownFileType = sourcecode.swift; path = ExpensesView.swift; sourceTree = "<group>"; };
		E7404B112ACCC58E008B49F1 /* MainView.swift */ = {isa = PBXFileReference; lastKnownFileType = sourcecode.swift; path = MainView.swift; sourceTree = "<group>"; };
		E7404B132ACCC7E4008B49F1 /* CategoriesView.swift */ = {isa = PBXFileReference; lastKnownFileType = sourcecode.swift; path = CategoriesView.swift; sourceTree = "<group>"; };
		E76A10D72ACD98D40019BE05 /* AlertView.swift */ = {isa = PBXFileReference; lastKnownFileType = sourcecode.swift; path = AlertView.swift; sourceTree = "<group>"; };
		E76A10D92ACDBC380019BE05 /* AddNewExpensesView.swift */ = {isa = PBXFileReference; lastKnownFileType = sourcecode.swift; path = AddNewExpensesView.swift; sourceTree = "<group>"; };
		E775DD792B2A3C1E00376242 /* Currency.json */ = {isa = PBXFileReference; fileEncoding = 4; lastKnownFileType = text.json; path = Currency.json; sourceTree = "<group>"; };
		E77AB6AB2ADACEE600DC4224 /* NewProfile.swift */ = {isa = PBXFileReference; lastKnownFileType = sourcecode.swift; path = NewProfile.swift; sourceTree = "<group>"; };
		E77AB6B22ADB1D8200DC4224 /* Profile.swift */ = {isa = PBXFileReference; lastKnownFileType = sourcecode.swift; path = Profile.swift; sourceTree = "<group>"; };
		E77AB6B42ADB208400DC4224 /* ProfileController.swift */ = {isa = PBXFileReference; lastKnownFileType = sourcecode.swift; path = ProfileController.swift; sourceTree = "<group>"; };
		E77BA9882AFFF54E00A2ED18 /* UpdatePasswordView.swift */ = {isa = PBXFileReference; lastKnownFileType = sourcecode.swift; path = UpdatePasswordView.swift; sourceTree = "<group>"; };
		E78581D82AD9868600573FD8 /* SettingsView.swift */ = {isa = PBXFileReference; lastKnownFileType = sourcecode.swift; path = SettingsView.swift; sourceTree = "<group>"; };
		E78CD9C02AD991040017ECF3 /* Roboto-Regular.ttf */ = {isa = PBXFileReference; lastKnownFileType = file; path = "Roboto-Regular.ttf"; sourceTree = "<group>"; };
		E78CD9C22AD9937C0017ECF3 /* Roboto-Bold.ttf */ = {isa = PBXFileReference; lastKnownFileType = file; path = "Roboto-Bold.ttf"; sourceTree = "<group>"; };
		E78CD9C42AD9A2D00017ECF3 /* EmptyProfileCard.swift */ = {isa = PBXFileReference; lastKnownFileType = sourcecode.swift; path = EmptyProfileCard.swift; sourceTree = "<group>"; };
		E78CD9C62AD9A5FC0017ECF3 /* ProfileCard.swift */ = {isa = PBXFileReference; lastKnownFileType = sourcecode.swift; path = ProfileCard.swift; sourceTree = "<group>"; };
		E792E5882B30AA1700F6B164 /* CategoryHeaderCell.swift */ = {isa = PBXFileReference; lastKnownFileType = sourcecode.swift; path = CategoryHeaderCell.swift; sourceTree = "<group>"; };
		E792E58A2B30B5C700F6B164 /* Tags.json */ = {isa = PBXFileReference; fileEncoding = 4; lastKnownFileType = text.json; path = Tags.json; sourceTree = "<group>"; };
		E792E58C2B30B5FC00F6B164 /* Tag.swift */ = {isa = PBXFileReference; lastKnownFileType = sourcecode.swift; path = Tag.swift; sourceTree = "<group>"; };
		E793BDA72AF55BFA00126426 /* ExpenseDetailCard.swift */ = {isa = PBXFileReference; lastKnownFileType = sourcecode.swift; path = ExpenseDetailCard.swift; sourceTree = "<group>"; };
		E793BDA92AF5855400126426 /* NoResultCell.swift */ = {isa = PBXFileReference; lastKnownFileType = sourcecode.swift; path = NoResultCell.swift; sourceTree = "<group>"; };
		E79D9BAB2AF7AABC000593BC /* EditExpenseView.swift */ = {isa = PBXFileReference; lastKnownFileType = sourcecode.swift; path = EditExpenseView.swift; sourceTree = "<group>"; };
		E7AE7FA72AD71700006B8C11 /* Authentication.swift */ = {isa = PBXFileReference; lastKnownFileType = sourcecode.swift; path = Authentication.swift; sourceTree = "<group>"; };
		E7AE7FA92AD71751006B8C11 /* AuthenticationController.swift */ = {isa = PBXFileReference; lastKnownFileType = sourcecode.swift; path = AuthenticationController.swift; sourceTree = "<group>"; };
		E7AE7FAB2AD72134006B8C11 /* GoogleService-Info.plist */ = {isa = PBXFileReference; fileEncoding = 4; lastKnownFileType = text.plist.xml; path = "GoogleService-Info.plist"; sourceTree = "<group>"; };
		E7BC38D62B0A7DF700E17299 /* DeleteAccountView.swift */ = {isa = PBXFileReference; lastKnownFileType = sourcecode.swift; path = DeleteAccountView.swift; sourceTree = "<group>"; };
		E7BC38DB2B0AA1EA00E17299 /* StoreKit.framework */ = {isa = PBXFileReference; lastKnownFileType = wrapper.framework; name = StoreKit.framework; path = System/Library/Frameworks/StoreKit.framework; sourceTree = SDKROOT; };
		E7BE07012AD4413B00D1F139 /* SignUpView.swift */ = {isa = PBXFileReference; lastKnownFileType = sourcecode.swift; path = SignUpView.swift; sourceTree = "<group>"; };
		E7C811C62ADF211500BC824D /* UpdateProfile.swift */ = {isa = PBXFileReference; lastKnownFileType = sourcecode.swift; path = UpdateProfile.swift; sourceTree = "<group>"; };
		E7D301432AEACB510061075E /* EditCategoryView.swift */ = {isa = PBXFileReference; lastKnownFileType = sourcecode.swift; path = EditCategoryView.swift; sourceTree = "<group>"; };
		E7DDF0752AD80DA9006549C0 /* LoadingView.swift */ = {isa = PBXFileReference; lastKnownFileType = sourcecode.swift; path = LoadingView.swift; sourceTree = "<group>"; };
		E7E1EBE62AE3F7B5009DC188 /* CategoryController.swift */ = {isa = PBXFileReference; lastKnownFileType = sourcecode.swift; path = CategoryController.swift; sourceTree = "<group>"; };
		E7E1EBE82AE3F8AD009DC188 /* Category.swift */ = {isa = PBXFileReference; lastKnownFileType = sourcecode.swift; path = Category.swift; sourceTree = "<group>"; };
		E7F5C5782B03A7010005B54D /* VerifyEmailView.swift */ = {isa = PBXFileReference; lastKnownFileType = sourcecode.swift; path = VerifyEmailView.swift; sourceTree = "<group>"; };
		E7F6D1702B2A1B5400D6B8FA /* CurrencyType.swift */ = {isa = PBXFileReference; lastKnownFileType = sourcecode.swift; path = CurrencyType.swift; sourceTree = "<group>"; };
		E7F6D1722B2A21E300D6B8FA /* ChangeCurrencyView.swift */ = {isa = PBXFileReference; lastKnownFileType = sourcecode.swift; path = ChangeCurrencyView.swift; sourceTree = "<group>"; };
/* End PBXFileReference section */

/* Begin PBXFrameworksBuildPhase section */
		E73397852ACB4CBB004B14E8 /* Frameworks */ = {
			isa = PBXFrameworksBuildPhase;
			buildActionMask = 2147483647;
			files = (
				E77AB6B12ADB19DC00DC4224 /* FirebaseFirestoreSwift in Frameworks */,
				E7BC38DC2B0AA1EA00E17299 /* StoreKit.framework in Frameworks */,
				E7AE7FB12AD722E7006B8C11 /* FirebaseAnalyticsSwift in Frameworks */,
				E7AE7FB32AD722E7006B8C11 /* FirebaseAuth in Frameworks */,
				E7AE7FAF2AD722E7006B8C11 /* FirebaseAnalytics in Frameworks */,
				E7CF658C2ADEA4470036FE3D /* FirebaseStorage in Frameworks */,
				E7BC38D52B0A788200E17299 /* FirebaseFirestore in Frameworks */,
			);
			runOnlyForDeploymentPostprocessing = 0;
		};
/* End PBXFrameworksBuildPhase section */

/* Begin PBXGroup section */
		E733977F2ACB4CBB004B14E8 = {
			isa = PBXGroup;
			children = (
				E733978A2ACB4CBC004B14E8 /* SpendMateApp */,
				E73397892ACB4CBC004B14E8 /* Products */,
				E77AB6AD2ADB19CC00DC4224 /* Frameworks */,
			);
			sourceTree = "<group>";
		};
		E73397892ACB4CBC004B14E8 /* Products */ = {
			isa = PBXGroup;
			children = (
				E73397882ACB4CBC004B14E8 /* SpendMateApp.app */,
			);
			name = Products;
			sourceTree = "<group>";
		};
		E733978A2ACB4CBC004B14E8 /* SpendMateApp */ = {
			isa = PBXGroup;
			children = (
				E7404B012ACC93AF008B49F1 /* Utility */,
				E7404AFE2ACC8FAB008B49F1 /* Data */,
				E733979F2ACB662E004B14E8 /* Font */,
				E733979D2ACB5D6E004B14E8 /* Model */,
				E733979C2ACB5D0E004B14E8 /* View */,
				E733979E2ACB5D91004B14E8 /* Controller */,
				E73397992ACB583F004B14E8 /* Info.plist */,
				E7AE7FAB2AD72134006B8C11 /* GoogleService-Info.plist */,
				E733978B2ACB4CBC004B14E8 /* SpendMateAppApp.swift */,
				E733978F2ACB4CBF004B14E8 /* Assets.xcassets */,
				E73397912ACB4CBF004B14E8 /* Preview Content */,
			);
			path = SpendMateApp;
			sourceTree = "<group>";
		};
		E73397912ACB4CBF004B14E8 /* Preview Content */ = {
			isa = PBXGroup;
			children = (
				E73397922ACB4CBF004B14E8 /* Preview Assets.xcassets */,
			);
			path = "Preview Content";
			sourceTree = "<group>";
		};
		E733979C2ACB5D0E004B14E8 /* View */ = {
			isa = PBXGroup;
			children = (
				E733978D2ACB4CBC004B14E8 /* WelcomeView.swift */,
				E7404B0F2ACCB18F008B49F1 /* ExpensesView.swift */,
				E7404B132ACCC7E4008B49F1 /* CategoriesView.swift */,
				E7404B112ACCC58E008B49F1 /* MainView.swift */,
				E735BBDE2ACF200B00531CB2 /* SignInView.swift */,
				E7BE07012AD4413B00D1F139 /* SignUpView.swift */,
				E7404B082ACC9B0A008B49F1 /* SubView */,
				E733979A2ACB5B54004B14E8 /* LaunchScreen.storyboard */,
				E78581D82AD9868600573FD8 /* SettingsView.swift */,
				E77AB6AB2ADACEE600DC4224 /* NewProfile.swift */,
				E7C811C62ADF211500BC824D /* UpdateProfile.swift */,
				E70AF1C32AE00A2300DF3619 /* UpdateEmailView.swift */,
				E77BA9882AFFF54E00A2ED18 /* UpdatePasswordView.swift */,
				E72110F72B01476800C1084C /* AboutAppView.swift */,
				E73F8F0F2B092F2E00BAC7E0 /* RootView.swift */,
				E7BC38D62B0A7DF700E17299 /* DeleteAccountView.swift */,
			);
			path = View;
			sourceTree = "<group>";
		};
		E733979D2ACB5D6E004B14E8 /* Model */ = {
			isa = PBXGroup;
			children = (
				E7404B062ACC9639008B49F1 /* Intraduction.swift */,
				E7AE7FA72AD71700006B8C11 /* Authentication.swift */,
				E77AB6B22ADB1D8200DC4224 /* Profile.swift */,
				E7E1EBE82AE3F8AD009DC188 /* Category.swift */,
				E70565482AEC16F7001F5801 /* Expense.swift */,
				E7F6D1702B2A1B5400D6B8FA /* CurrencyType.swift */,
				E792E58C2B30B5FC00F6B164 /* Tag.swift */,
			);
			path = Model;
			sourceTree = "<group>";
		};
		E733979E2ACB5D91004B14E8 /* Controller */ = {
			isa = PBXGroup;
			children = (
				E7AE7FA92AD71751006B8C11 /* AuthenticationController.swift */,
				E77AB6B42ADB208400DC4224 /* ProfileController.swift */,
				E7E1EBE62AE3F7B5009DC188 /* CategoryController.swift */,
				E705654A2AEC18B6001F5801 /* ExpenseController.swift */,
			);
			path = Controller;
			sourceTree = "<group>";
		};
		E733979F2ACB662E004B14E8 /* Font */ = {
			isa = PBXGroup;
			children = (
				E7404B0D2ACCA469008B49F1 /* InriaSans-Bold.ttf */,
				E7404B0B2ACC9D29008B49F1 /* Inter-VariableFont_slnt,wght.ttf */,
				E73397A02ACB666A004B14E8 /* InriaSerif-Bold.ttf */,
				E78CD9C22AD9937C0017ECF3 /* Roboto-Bold.ttf */,
				E73397A22ACB69D5004B14E8 /* InknutAntiqua-Bold.ttf */,
				E78CD9C02AD991040017ECF3 /* Roboto-Regular.ttf */,
			);
			path = Font;
			sourceTree = "<group>";
		};
		E7404AFE2ACC8FAB008B49F1 /* Data */ = {
			isa = PBXGroup;
			children = (
				E775DD792B2A3C1E00376242 /* Currency.json */,
				E792E58A2B30B5C700F6B164 /* Tags.json */,
				E7404AFF2ACC9344008B49F1 /* Intraduction.json */,
			);
			path = Data;
			sourceTree = "<group>";
		};
		E7404B012ACC93AF008B49F1 /* Utility */ = {
			isa = PBXGroup;
			children = (
				E7404B022ACC93C8008B49F1 /* Constant.swift */,
				E7404B042ACC93F5008B49F1 /* Extension.swift */,
			);
			path = Utility;
			sourceTree = "<group>";
		};
		E7404B082ACC9B0A008B49F1 /* SubView */ = {
			isa = PBXGroup;
			children = (
				E76A10D92ACDBC380019BE05 /* AddNewExpensesView.swift */,
				E7404B092ACC9B38008B49F1 /* OnboardView.swift */,
				E76A10D72ACD98D40019BE05 /* AlertView.swift */,
				E72B64AE2ACDFEB40017BB7C /* AddNewCategoryView.swift */,
				E7DDF0752AD80DA9006549C0 /* LoadingView.swift */,
				E78CD9C42AD9A2D00017ECF3 /* EmptyProfileCard.swift */,
				E78CD9C62AD9A5FC0017ECF3 /* ProfileCard.swift */,
				E7D301432AEACB510061075E /* EditCategoryView.swift */,
				E705654C2AEC3C48001F5801 /* ExpensesCardView.swift */,
				E793BDA72AF55BFA00126426 /* ExpenseDetailCard.swift */,
				E793BDA92AF5855400126426 /* NoResultCell.swift */,
				E79D9BAB2AF7AABC000593BC /* EditExpenseView.swift */,
				E72110F92B014C0400C1084C /* AboutTitleView.swift */,
				E72110FB2B014C6300C1084C /* ApplicationRowView.swift */,
				E7F5C5782B03A7010005B54D /* VerifyEmailView.swift */,
				E7F6D1722B2A21E300D6B8FA /* ChangeCurrencyView.swift */,
				E792E5882B30AA1700F6B164 /* CategoryHeaderCell.swift */,
			);
			path = SubView;
			sourceTree = "<group>";
		};
		E77AB6AD2ADB19CC00DC4224 /* Frameworks */ = {
			isa = PBXGroup;
			children = (
				E7BC38DB2B0AA1EA00E17299 /* StoreKit.framework */,
			);
			name = Frameworks;
			sourceTree = "<group>";
		};
/* End PBXGroup section */

/* Begin PBXNativeTarget section */
		E73397872ACB4CBB004B14E8 /* SpendMateApp */ = {
			isa = PBXNativeTarget;
			buildConfigurationList = E73397962ACB4CBF004B14E8 /* Build configuration list for PBXNativeTarget "SpendMateApp" */;
			buildPhases = (
				E73397842ACB4CBB004B14E8 /* Sources */,
				E73397852ACB4CBB004B14E8 /* Frameworks */,
				E73397862ACB4CBB004B14E8 /* Resources */,
			);
			buildRules = (
			);
			dependencies = (
			);
			name = SpendMateApp;
			packageProductDependencies = (
				E7AE7FAE2AD722E7006B8C11 /* FirebaseAnalytics */,
				E7AE7FB02AD722E7006B8C11 /* FirebaseAnalyticsSwift */,
				E7AE7FB22AD722E7006B8C11 /* FirebaseAuth */,
				E77AB6B02ADB19DC00DC4224 /* FirebaseFirestoreSwift */,
				E7CF658B2ADEA4470036FE3D /* FirebaseStorage */,
				E7BC38D42B0A788200E17299 /* FirebaseFirestore */,
			);
			productName = SpendMateApp;
			productReference = E73397882ACB4CBC004B14E8 /* SpendMateApp.app */;
			productType = "com.apple.product-type.application";
		};
/* End PBXNativeTarget section */

/* Begin PBXProject section */
		E73397802ACB4CBB004B14E8 /* Project object */ = {
			isa = PBXProject;
			attributes = {
				BuildIndependentTargetsInParallel = 1;
				LastSwiftUpdateCheck = 1430;
				LastUpgradeCheck = 1430;
				TargetAttributes = {
					E73397872ACB4CBB004B14E8 = {
						CreatedOnToolsVersion = 14.3.1;
					};
				};
			};
			buildConfigurationList = E73397832ACB4CBB004B14E8 /* Build configuration list for PBXProject "SpendMateApp" */;
			compatibilityVersion = "Xcode 14.0";
			developmentRegion = en;
			hasScannedForEncodings = 0;
			knownRegions = (
				en,
			);
			mainGroup = E733977F2ACB4CBB004B14E8;
			packageReferences = (
				E7AE7FAD2AD722E7006B8C11 /* XCRemoteSwiftPackageReference "firebase-ios-sdk" */,
			);
			productRefGroup = E73397892ACB4CBC004B14E8 /* Products */;
			projectDirPath = "";
			projectRoot = "";
			targets = (
				E73397872ACB4CBB004B14E8 /* SpendMateApp */,
			);
		};
/* End PBXProject section */

/* Begin PBXResourcesBuildPhase section */
		E73397862ACB4CBB004B14E8 /* Resources */ = {
			isa = PBXResourcesBuildPhase;
			buildActionMask = 2147483647;
			files = (
				E775DD7A2B2A3C1E00376242 /* Currency.json in Resources */,
				E733979B2ACB5B54004B14E8 /* LaunchScreen.storyboard in Resources */,
				E7404B0C2ACC9D29008B49F1 /* Inter-VariableFont_slnt,wght.ttf in Resources */,
				E78CD9C12AD991040017ECF3 /* Roboto-Regular.ttf in Resources */,
				E7AE7FAC2AD72134006B8C11 /* GoogleService-Info.plist in Resources */,
				E78CD9C32AD9937C0017ECF3 /* Roboto-Bold.ttf in Resources */,
				E7404B002ACC9344008B49F1 /* Intraduction.json in Resources */,
				E73397A32ACB69D5004B14E8 /* InknutAntiqua-Bold.ttf in Resources */,
				E7404B0E2ACCA469008B49F1 /* InriaSans-Bold.ttf in Resources */,
				E73397A12ACB666A004B14E8 /* InriaSerif-Bold.ttf in Resources */,
				E73397932ACB4CBF004B14E8 /* Preview Assets.xcassets in Resources */,
				E73397902ACB4CBF004B14E8 /* Assets.xcassets in Resources */,
				E792E58B2B30B5C700F6B164 /* Tags.json in Resources */,
			);
			runOnlyForDeploymentPostprocessing = 0;
		};
/* End PBXResourcesBuildPhase section */

/* Begin PBXSourcesBuildPhase section */
		E73397842ACB4CBB004B14E8 /* Sources */ = {
			isa = PBXSourcesBuildPhase;
			buildActionMask = 2147483647;
			files = (
				E705654B2AEC18B6001F5801 /* ExpenseController.swift in Sources */,
				E733978E2ACB4CBC004B14E8 /* WelcomeView.swift in Sources */,
				E77BA9892AFFF54E00A2ED18 /* UpdatePasswordView.swift in Sources */,
				E7E1EBE72AE3F7B5009DC188 /* CategoryController.swift in Sources */,
				E76A10DA2ACDBC380019BE05 /* AddNewExpensesView.swift in Sources */,
				E7404B072ACC9639008B49F1 /* Intraduction.swift in Sources */,
				E792E5892B30AA1700F6B164 /* CategoryHeaderCell.swift in Sources */,
				E78CD9C52AD9A2D00017ECF3 /* EmptyProfileCard.swift in Sources */,
				E78581D92AD9868600573FD8 /* SettingsView.swift in Sources */,
				E72110F82B01476800C1084C /* AboutAppView.swift in Sources */,
				E7404B122ACCC58E008B49F1 /* MainView.swift in Sources */,
				E7DDF0762AD80DA9006549C0 /* LoadingView.swift in Sources */,
				E7D301442AEACB510061075E /* EditCategoryView.swift in Sources */,
				E7F6D1712B2A1B5400D6B8FA /* CurrencyType.swift in Sources */,
				E733978C2ACB4CBC004B14E8 /* SpendMateAppApp.swift in Sources */,
				E705654D2AEC3C48001F5801 /* ExpensesCardView.swift in Sources */,
				E7BC38D72B0A7DF700E17299 /* DeleteAccountView.swift in Sources */,
				E7404B102ACCB18F008B49F1 /* ExpensesView.swift in Sources */,
				E77AB6B52ADB208400DC4224 /* ProfileController.swift in Sources */,
				E7C811C72ADF211500BC824D /* UpdateProfile.swift in Sources */,
				E72110FA2B014C0400C1084C /* AboutTitleView.swift in Sources */,
				E76A10D82ACD98D40019BE05 /* AlertView.swift in Sources */,
				E7404B142ACCC7E4008B49F1 /* CategoriesView.swift in Sources */,
				E70565492AEC16F7001F5801 /* Expense.swift in Sources */,
				E7F6D1732B2A21E300D6B8FA /* ChangeCurrencyView.swift in Sources */,
				E793BDAA2AF5855400126426 /* NoResultCell.swift in Sources */,
				E7AE7FA82AD71700006B8C11 /* Authentication.swift in Sources */,
				E7404B032ACC93C8008B49F1 /* Constant.swift in Sources */,
				E73F8F102B092F2E00BAC7E0 /* RootView.swift in Sources */,
				E7404B0A2ACC9B38008B49F1 /* OnboardView.swift in Sources */,
				E77AB6AC2ADACEE600DC4224 /* NewProfile.swift in Sources */,
				E72110FC2B014C6300C1084C /* ApplicationRowView.swift in Sources */,
				E79D9BAC2AF7AABC000593BC /* EditExpenseView.swift in Sources */,
				E7BE07022AD4413B00D1F139 /* SignUpView.swift in Sources */,
				E793BDA82AF55BFA00126426 /* ExpenseDetailCard.swift in Sources */,
				E7F5C5792B03A7010005B54D /* VerifyEmailView.swift in Sources */,
				E78CD9C72AD9A5FC0017ECF3 /* ProfileCard.swift in Sources */,
				E7404B052ACC93F5008B49F1 /* Extension.swift in Sources */,
				E7AE7FAA2AD71751006B8C11 /* AuthenticationController.swift in Sources */,
				E77AB6B32ADB1D8200DC4224 /* Profile.swift in Sources */,
				E7E1EBE92AE3F8AD009DC188 /* Category.swift in Sources */,
				E70AF1C42AE00A2300DF3619 /* UpdateEmailView.swift in Sources */,
				E792E58D2B30B5FC00F6B164 /* Tag.swift in Sources */,
				E72B64AF2ACDFEB40017BB7C /* AddNewCategoryView.swift in Sources */,
				E735BBDF2ACF200B00531CB2 /* SignInView.swift in Sources */,
			);
			runOnlyForDeploymentPostprocessing = 0;
		};
/* End PBXSourcesBuildPhase section */

/* Begin XCBuildConfiguration section */
		E73397942ACB4CBF004B14E8 /* Debug */ = {
			isa = XCBuildConfiguration;
			buildSettings = {
				ALWAYS_SEARCH_USER_PATHS = NO;
				CLANG_ANALYZER_NONNULL = YES;
				CLANG_ANALYZER_NUMBER_OBJECT_CONVERSION = YES_AGGRESSIVE;
				CLANG_CXX_LANGUAGE_STANDARD = "gnu++20";
				CLANG_ENABLE_MODULES = YES;
				CLANG_ENABLE_OBJC_ARC = YES;
				CLANG_ENABLE_OBJC_WEAK = YES;
				CLANG_WARN_BLOCK_CAPTURE_AUTORELEASING = YES;
				CLANG_WARN_BOOL_CONVERSION = YES;
				CLANG_WARN_COMMA = YES;
				CLANG_WARN_CONSTANT_CONVERSION = YES;
				CLANG_WARN_DEPRECATED_OBJC_IMPLEMENTATIONS = YES;
				CLANG_WARN_DIRECT_OBJC_ISA_USAGE = YES_ERROR;
				CLANG_WARN_DOCUMENTATION_COMMENTS = YES;
				CLANG_WARN_EMPTY_BODY = YES;
				CLANG_WARN_ENUM_CONVERSION = YES;
				CLANG_WARN_INFINITE_RECURSION = YES;
				CLANG_WARN_INT_CONVERSION = YES;
				CLANG_WARN_NON_LITERAL_NULL_CONVERSION = YES;
				CLANG_WARN_OBJC_IMPLICIT_RETAIN_SELF = YES;
				CLANG_WARN_OBJC_LITERAL_CONVERSION = YES;
				CLANG_WARN_OBJC_ROOT_CLASS = YES_ERROR;
				CLANG_WARN_QUOTED_INCLUDE_IN_FRAMEWORK_HEADER = YES;
				CLANG_WARN_RANGE_LOOP_ANALYSIS = YES;
				CLANG_WARN_STRICT_PROTOTYPES = YES;
				CLANG_WARN_SUSPICIOUS_MOVE = YES;
				CLANG_WARN_UNGUARDED_AVAILABILITY = YES_AGGRESSIVE;
				CLANG_WARN_UNREACHABLE_CODE = YES;
				CLANG_WARN__DUPLICATE_METHOD_MATCH = YES;
				COPY_PHASE_STRIP = NO;
				DEBUG_INFORMATION_FORMAT = dwarf;
				ENABLE_STRICT_OBJC_MSGSEND = YES;
				ENABLE_TESTABILITY = YES;
				GCC_C_LANGUAGE_STANDARD = gnu11;
				GCC_DYNAMIC_NO_PIC = NO;
				GCC_NO_COMMON_BLOCKS = YES;
				GCC_OPTIMIZATION_LEVEL = 0;
				GCC_PREPROCESSOR_DEFINITIONS = (
					"DEBUG=1",
					"$(inherited)",
				);
				GCC_WARN_64_TO_32_BIT_CONVERSION = YES;
				GCC_WARN_ABOUT_RETURN_TYPE = YES_ERROR;
				GCC_WARN_UNDECLARED_SELECTOR = YES;
				GCC_WARN_UNINITIALIZED_AUTOS = YES_AGGRESSIVE;
				GCC_WARN_UNUSED_FUNCTION = YES;
				GCC_WARN_UNUSED_VARIABLE = YES;
				IPHONEOS_DEPLOYMENT_TARGET = 16.4;
				MTL_ENABLE_DEBUG_INFO = INCLUDE_SOURCE;
				MTL_FAST_MATH = YES;
				ONLY_ACTIVE_ARCH = YES;
				SDKROOT = iphoneos;
				SWIFT_ACTIVE_COMPILATION_CONDITIONS = DEBUG;
				SWIFT_OPTIMIZATION_LEVEL = "-Onone";
			};
			name = Debug;
		};
		E73397952ACB4CBF004B14E8 /* Release */ = {
			isa = XCBuildConfiguration;
			buildSettings = {
				ALWAYS_SEARCH_USER_PATHS = NO;
				CLANG_ANALYZER_NONNULL = YES;
				CLANG_ANALYZER_NUMBER_OBJECT_CONVERSION = YES_AGGRESSIVE;
				CLANG_CXX_LANGUAGE_STANDARD = "gnu++20";
				CLANG_ENABLE_MODULES = YES;
				CLANG_ENABLE_OBJC_ARC = YES;
				CLANG_ENABLE_OBJC_WEAK = YES;
				CLANG_WARN_BLOCK_CAPTURE_AUTORELEASING = YES;
				CLANG_WARN_BOOL_CONVERSION = YES;
				CLANG_WARN_COMMA = YES;
				CLANG_WARN_CONSTANT_CONVERSION = YES;
				CLANG_WARN_DEPRECATED_OBJC_IMPLEMENTATIONS = YES;
				CLANG_WARN_DIRECT_OBJC_ISA_USAGE = YES_ERROR;
				CLANG_WARN_DOCUMENTATION_COMMENTS = YES;
				CLANG_WARN_EMPTY_BODY = YES;
				CLANG_WARN_ENUM_CONVERSION = YES;
				CLANG_WARN_INFINITE_RECURSION = YES;
				CLANG_WARN_INT_CONVERSION = YES;
				CLANG_WARN_NON_LITERAL_NULL_CONVERSION = YES;
				CLANG_WARN_OBJC_IMPLICIT_RETAIN_SELF = YES;
				CLANG_WARN_OBJC_LITERAL_CONVERSION = YES;
				CLANG_WARN_OBJC_ROOT_CLASS = YES_ERROR;
				CLANG_WARN_QUOTED_INCLUDE_IN_FRAMEWORK_HEADER = YES;
				CLANG_WARN_RANGE_LOOP_ANALYSIS = YES;
				CLANG_WARN_STRICT_PROTOTYPES = YES;
				CLANG_WARN_SUSPICIOUS_MOVE = YES;
				CLANG_WARN_UNGUARDED_AVAILABILITY = YES_AGGRESSIVE;
				CLANG_WARN_UNREACHABLE_CODE = YES;
				CLANG_WARN__DUPLICATE_METHOD_MATCH = YES;
				COPY_PHASE_STRIP = NO;
				DEBUG_INFORMATION_FORMAT = "dwarf-with-dsym";
				ENABLE_NS_ASSERTIONS = NO;
				ENABLE_STRICT_OBJC_MSGSEND = YES;
				GCC_C_LANGUAGE_STANDARD = gnu11;
				GCC_NO_COMMON_BLOCKS = YES;
				GCC_WARN_64_TO_32_BIT_CONVERSION = YES;
				GCC_WARN_ABOUT_RETURN_TYPE = YES_ERROR;
				GCC_WARN_UNDECLARED_SELECTOR = YES;
				GCC_WARN_UNINITIALIZED_AUTOS = YES_AGGRESSIVE;
				GCC_WARN_UNUSED_FUNCTION = YES;
				GCC_WARN_UNUSED_VARIABLE = YES;
				IPHONEOS_DEPLOYMENT_TARGET = 16.4;
				MTL_ENABLE_DEBUG_INFO = NO;
				MTL_FAST_MATH = YES;
				SDKROOT = iphoneos;
				SWIFT_COMPILATION_MODE = wholemodule;
				SWIFT_OPTIMIZATION_LEVEL = "-O";
				VALIDATE_PRODUCT = YES;
			};
			name = Release;
		};
		E73397972ACB4CBF004B14E8 /* Debug */ = {
			isa = XCBuildConfiguration;
			buildSettings = {
				ASSETCATALOG_COMPILER_APPICON_NAME = AppIcon;
				ASSETCATALOG_COMPILER_GLOBAL_ACCENT_COLOR_NAME = AccentColor;
				CODE_SIGN_ENTITLEMENTS = SpendMateApp/SpendMateApp.entitlements;
				CODE_SIGN_IDENTITY = "Apple Development";
				CODE_SIGN_STYLE = Automatic;
				CURRENT_PROJECT_VERSION = 1;
				DEVELOPMENT_ASSET_PATHS = "\"SpendMateApp/Preview Content\"";
				DEVELOPMENT_TEAM = P3SNLZLCKJ;
				ENABLE_PREVIEWS = YES;
				GENERATE_INFOPLIST_FILE = YES;
				INFOPLIST_FILE = SpendMateApp/Info.plist;
				INFOPLIST_KEY_CFBundleDisplayName = SpendMate;
				INFOPLIST_KEY_LSApplicationCategoryType = "public.app-category.finance";
				INFOPLIST_KEY_UIApplicationSceneManifest_Generation = YES;
				INFOPLIST_KEY_UIApplicationSupportsIndirectInputEvents = YES;
				INFOPLIST_KEY_UILaunchStoryboardName = LaunchScreen.storyboard;
				INFOPLIST_KEY_UIStatusBarStyle = "";
				INFOPLIST_KEY_UISupportedInterfaceOrientations = UIInterfaceOrientationPortrait;
				INFOPLIST_KEY_UISupportedInterfaceOrientations_iPad = "UIInterfaceOrientationLandscapeLeft UIInterfaceOrientationLandscapeRight UIInterfaceOrientationPortrait UIInterfaceOrientationPortraitUpsideDown";
				INFOPLIST_KEY_UIUserInterfaceStyle = Light;
				LD_RUNPATH_SEARCH_PATHS = (
					"$(inherited)",
					"@executable_path/Frameworks",
				);
				MARKETING_VERSION = 0.0.1;
				PRODUCT_BUNDLE_IDENTIFIER = com.example.app.SpendMateApp;
				PRODUCT_NAME = "$(TARGET_NAME)";
				PROVISIONING_PROFILE_SPECIFIER = "";
				SUPPORTED_PLATFORMS = "iphoneos iphonesimulator";
				SUPPORTS_MACCATALYST = NO;
				SUPPORTS_MAC_DESIGNED_FOR_IPHONE_IPAD = NO;
				SWIFT_EMIT_LOC_STRINGS = YES;
				SWIFT_VERSION = 5.0;
				TARGETED_DEVICE_FAMILY = 1;
			};
			name = Debug;
		};
		E73397982ACB4CBF004B14E8 /* Release */ = {
			isa = XCBuildConfiguration;
			buildSettings = {
				ASSETCATALOG_COMPILER_APPICON_NAME = AppIcon;
				ASSETCATALOG_COMPILER_GLOBAL_ACCENT_COLOR_NAME = AccentColor;
				CODE_SIGN_ENTITLEMENTS = SpendMateApp/SpendMateApp.entitlements;
				CODE_SIGN_IDENTITY = "Apple Development";
				CODE_SIGN_STYLE = Automatic;
				CURRENT_PROJECT_VERSION = 1;
				DEVELOPMENT_ASSET_PATHS = "\"SpendMateApp/Preview Content\"";
				DEVELOPMENT_TEAM = P3SNLZLCKJ;
				ENABLE_PREVIEWS = YES;
				GENERATE_INFOPLIST_FILE = YES;
				INFOPLIST_FILE = SpendMateApp/Info.plist;
				INFOPLIST_KEY_CFBundleDisplayName = SpendMate;
				INFOPLIST_KEY_LSApplicationCategoryType = "public.app-category.finance";
				INFOPLIST_KEY_UIApplicationSceneManifest_Generation = YES;
				INFOPLIST_KEY_UIApplicationSupportsIndirectInputEvents = YES;
				INFOPLIST_KEY_UILaunchStoryboardName = LaunchScreen.storyboard;
				INFOPLIST_KEY_UIStatusBarStyle = "";
				INFOPLIST_KEY_UISupportedInterfaceOrientations = UIInterfaceOrientationPortrait;
				INFOPLIST_KEY_UISupportedInterfaceOrientations_iPad = "UIInterfaceOrientationLandscapeLeft UIInterfaceOrientationLandscapeRight UIInterfaceOrientationPortrait UIInterfaceOrientationPortraitUpsideDown";
				INFOPLIST_KEY_UIUserInterfaceStyle = Light;
				LD_RUNPATH_SEARCH_PATHS = (
					"$(inherited)",
					"@executable_path/Frameworks",
				);
				MARKETING_VERSION = 0.0.1;
				PRODUCT_BUNDLE_IDENTIFIER = com.example.app.SpendMateApp;
				PRODUCT_NAME = "$(TARGET_NAME)";
				PROVISIONING_PROFILE_SPECIFIER = "";
				SUPPORTED_PLATFORMS = "iphoneos iphonesimulator";
				SUPPORTS_MACCATALYST = NO;
				SUPPORTS_MAC_DESIGNED_FOR_IPHONE_IPAD = NO;
				SWIFT_EMIT_LOC_STRINGS = YES;
				SWIFT_VERSION = 5.0;
				TARGETED_DEVICE_FAMILY = 1;
			};
			name = Release;
		};
/* End XCBuildConfiguration section */

/* Begin XCConfigurationList section */
		E73397832ACB4CBB004B14E8 /* Build configuration list for PBXProject "SpendMateApp" */ = {
			isa = XCConfigurationList;
			buildConfigurations = (
				E73397942ACB4CBF004B14E8 /* Debug */,
				E73397952ACB4CBF004B14E8 /* Release */,
			);
			defaultConfigurationIsVisible = 0;
			defaultConfigurationName = Release;
		};
		E73397962ACB4CBF004B14E8 /* Build configuration list for PBXNativeTarget "SpendMateApp" */ = {
			isa = XCConfigurationList;
			buildConfigurations = (
				E73397972ACB4CBF004B14E8 /* Debug */,
				E73397982ACB4CBF004B14E8 /* Release */,
			);
			defaultConfigurationIsVisible = 0;
			defaultConfigurationName = Release;
		};
/* End XCConfigurationList section */

/* Begin XCRemoteSwiftPackageReference section */
		E7AE7FAD2AD722E7006B8C11 /* XCRemoteSwiftPackageReference "firebase-ios-sdk" */ = {
			isa = XCRemoteSwiftPackageReference;
			repositoryURL = "https://github.com/firebase/firebase-ios-sdk.git";
			requirement = {
				kind = exactVersion;
				version = 10.16.0;
			};
		};
/* End XCRemoteSwiftPackageReference section */

/* Begin XCSwiftPackageProductDependency section */
		E77AB6B02ADB19DC00DC4224 /* FirebaseFirestoreSwift */ = {
			isa = XCSwiftPackageProductDependency;
			package = E7AE7FAD2AD722E7006B8C11 /* XCRemoteSwiftPackageReference "firebase-ios-sdk" */;
			productName = FirebaseFirestoreSwift;
		};
		E7AE7FAE2AD722E7006B8C11 /* FirebaseAnalytics */ = {
			isa = XCSwiftPackageProductDependency;
			package = E7AE7FAD2AD722E7006B8C11 /* XCRemoteSwiftPackageReference "firebase-ios-sdk" */;
			productName = FirebaseAnalytics;
		};
		E7AE7FB02AD722E7006B8C11 /* FirebaseAnalyticsSwift */ = {
			isa = XCSwiftPackageProductDependency;
			package = E7AE7FAD2AD722E7006B8C11 /* XCRemoteSwiftPackageReference "firebase-ios-sdk" */;
			productName = FirebaseAnalyticsSwift;
		};
		E7AE7FB22AD722E7006B8C11 /* FirebaseAuth */ = {
			isa = XCSwiftPackageProductDependency;
			package = E7AE7FAD2AD722E7006B8C11 /* XCRemoteSwiftPackageReference "firebase-ios-sdk" */;
			productName = FirebaseAuth;
		};
		E7BC38D42B0A788200E17299 /* FirebaseFirestore */ = {
			isa = XCSwiftPackageProductDependency;
			package = E7AE7FAD2AD722E7006B8C11 /* XCRemoteSwiftPackageReference "firebase-ios-sdk" */;
			productName = FirebaseFirestore;
		};
		E7CF658B2ADEA4470036FE3D /* FirebaseStorage */ = {
			isa = XCSwiftPackageProductDependency;
			package = E7AE7FAD2AD722E7006B8C11 /* XCRemoteSwiftPackageReference "firebase-ios-sdk" */;
			productName = FirebaseStorage;
		};
/* End XCSwiftPackageProductDependency section */
	};
	rootObject = E73397802ACB4CBB004B14E8 /* Project object */;
}
